schemaVersion: 1
trustSource: versioned-artifact
artifact:
  name: engineering-platform-governance
  version: 0.1.2
  file: .platform/artifacts/governance/engineering-platform-governance-0.1.2.tar.gz
  sha256: 7db8f7a550473c40cf1048bf2223a8ff9d5316da4ccd3d8ebd00d14c88344d36
  size: 35026
  format: source-tar-gz
pythonRuntimeDependencies:
  PyYAML: 6.0.3
  jsonschema: 4.26.0
