schemaVersion: 1
consumerMode: independent-repository
transport: versioned-npm-tgz-bootstrap
intendedReleaseTransport: pnpm-pack / private npm registry
platformLine: 0.x
artifacts:
- name: '@engineering-platform/design-tokens'
  version: 0.2.0
  file: .platform/artifacts/runtime/engineering-platform-design-tokens-0.2.0.tgz
  sha256: bbff95a96cc7bf448590132359bf1f44db1f3c6de64aa1671141980894ad778a
  size: 6621
  format: npm-tgz
- name: '@engineering-platform/ui'
  version: 0.2.0
  file: .platform/artifacts/runtime/engineering-platform-ui-0.2.0.tgz
  sha256: f76a215a8f69b7a1fda28b07b42a42a049cd708894f5312d730ef03390bda2f3
  size: 10732
  format: npm-tgz
- name: '@engineering-platform/app-shell'
  version: 0.2.0
  file: .platform/artifacts/runtime/engineering-platform-app-shell-0.2.0.tgz
  sha256: 75a8dab1a4d577e8684b8e968131cf2640abbf32e0aeaf7be41d1326ae94c6b9
  size: 3712
  format: npm-tgz
- name: '@engineering-platform/ui-patterns'
  version: 0.2.0
  file: .platform/artifacts/runtime/engineering-platform-ui-patterns-0.2.0.tgz
  sha256: 5f607da0038ac4488299a88806a5ee2ede18a44485b91cb9d6afbf8f75aa2e7c
  size: 5194
  format: npm-tgz
- name: '@engineering-platform/settings'
  version: 0.1.0
  file: .platform/artifacts/runtime/engineering-platform-settings-0.1.0.tgz
  sha256: eb3937aedc0c27fef522e068bb768d92c6ef1cc8255cec70c5d109a2691a6acd
  size: 3578
  format: npm-tgz
- name: '@engineering-platform/authorization'
  version: 0.1.0
  file: .platform/artifacts/runtime/engineering-platform-authorization-0.1.0.tgz
  sha256: fb6a9f7418651b7730459d9caad09c811aac09ca11482701e37f059687a282df
  size: 1284
  format: npm-tgz
