schemaVersion: 1
consumerMode: independent-repository
transport: versioned-npm-tgz-bootstrap
intendedReleaseTransport: pnpm-pack / private npm registry
platformLine: 0.x
artifacts:
- name: '@engineering-platform/design-tokens'
  version: 0.2.0
  file: .platform/artifacts/runtime/engineering-platform-design-tokens-0.2.0.tgz
  sha256: bbff95a96cc7bf448590132359bf1f44db1f3c6de64aa1671141980894ad778a
  size: 6621
  format: npm-tgz
- name: '@engineering-platform/ui'
  version: 0.2.0
  file: .platform/artifacts/runtime/engineering-platform-ui-0.2.0.tgz
  sha256: bc93b5218495423f17de01dfcd2090ed5196abf246944336aa7c167341e63f49
  size: 10614
  format: npm-tgz
- name: '@engineering-platform/app-shell'
  version: 0.2.0
  file: .platform/artifacts/runtime/engineering-platform-app-shell-0.2.0.tgz
  sha256: 7b591f505c6efed5a646a15680f824c286b9db622c07c50f3a791bd937fb1683
  size: 3703
  format: npm-tgz
- name: '@engineering-platform/ui-patterns'
  version: 0.2.0
  file: .platform/artifacts/runtime/engineering-platform-ui-patterns-0.2.0.tgz
  sha256: 5f607da0038ac4488299a88806a5ee2ede18a44485b91cb9d6afbf8f75aa2e7c
  size: 5194
  format: npm-tgz
- name: '@engineering-platform/settings'
  version: 0.1.0
  file: .platform/artifacts/runtime/engineering-platform-settings-0.1.0.tgz
  sha256: eb3937aedc0c27fef522e068bb768d92c6ef1cc8255cec70c5d109a2691a6acd
  size: 3578
  format: npm-tgz
- name: '@engineering-platform/authorization'
  version: 0.1.0
  file: .platform/artifacts/runtime/engineering-platform-authorization-0.1.0.tgz
  sha256: fb6a9f7418651b7730459d9caad09c811aac09ca11482701e37f059687a282df
  size: 1284
  format: npm-tgz
